// !$*UTF8*$!
{
	archiveVersion = 1;
	classes = {
	};
	objectVersion = 56;
	objects = {

/* Begin PBXBuildFile section */
		AC0D226E2B47B980003E91F6 /* MyIOSApplicationApp.swift in Sources */ = {isa = PBXBuildFile; fileRef = AC0D226D2B47B980003E91F6 /* MyIOSApplicationApp.swift */; };
		AC0D22702B47B980003E91F6 /* ContentView.swift in Sources */ = {isa = PBXBuildFile; fileRef = AC0D226F2B47B980003E91F6 /* ContentView.swift */; };
		AC0D22722B47B981003E91F6 /* Assets.xcassets in Resources */ = {isa = PBXBuildFile; fileRef = AC0D22712B47B981003E91F6 /* Assets.xcassets */; };
		AC0D22752B47B981003E91F6 /* Preview Assets.xcassets in Resources */ = {isa = PBXBuildFile; fileRef = AC0D22742B47B981003E91F6 /* Preview Assets.xcassets */; };
		AC0D227F2B47B981003E91F6 /* MyIOSApplicationTests.swift in Sources */ = {isa = PBXBuildFile; fileRef = AC0D227E2B47B981003E91F6 /* MyIOSApplicationTests.swift */; };
		AC0D22892B47B981003E91F6 /* MyIOSApplicationUITests.swift in Sources */ = {isa = PBXBuildFile; fileRef = AC0D22882B47B981003E91F6 /* MyIOSApplicationUITests.swift */; };
		AC0D228B2B47B981003E91F6 /* MyIOSApplicationUITestsLaunchTests.swift in Sources */ = {isa = PBXBuildFile; fileRef = AC0D228A2B47B981003E91F6 /* MyIOSApplicationUITestsLaunchTests.swift */; };
/* End PBXBuildFile section */

/* Begin PBXContainerItemProxy section */
		AC0D227B2B47B981003E91F6 /* PBXContainerItemProxy */ = {
			isa = PBXContainerItemProxy;
			containerPortal = AC0D22622B47B980003E91F6 /* Project object */;
			proxyType = 1;
			remoteGlobalIDString = AC0D22692B47B980003E91F6;
			remoteInfo = MyIOSApplication;
		};
		AC0D22852B47B981003E91F6 /* PBXContainerItemProxy */ = {
			isa = PBXContainerItemProxy;
			containerPortal = AC0D22622B47B980003E91F6 /* Project object */;
			proxyType = 1;
			remoteGlobalIDString = AC0D22692B47B980003E91F6;
			remoteInfo = MyIOSApplication;
		};
/* End PBXContainerItemProxy section */

/* Begin PBXFileReference section */
		AC0D226A2B47B980003E91F6 /* MyIOSApplication.app */ = {isa = PBXFileReference; explicitFileType = wrapper.application; includeInIndex = 0; path = MyIOSApplication.app; sourceTree = BUILT_PRODUCTS_DIR; };
		AC0D226D2B47B980003E91F6 /* MyIOSApplicationApp.swift */ = {isa = PBXFileReference; lastKnownFileType = sourcecode.swift; path = MyIOSApplicationApp.swift; sourceTree = "<group>"; };
		AC0D226F2B47B980003E91F6 /* ContentView.swift */ = {isa = PBXFileReference; lastKnownFileType = sourcecode.swift; path = ContentView.swift; sourceTree = "<group>"; };
		AC0D22712B47B981003E91F6 /* Assets.xcassets */ = {isa = PBXFileReference; lastKnownFileType = folder.assetcatalog; path = Assets.xcassets; sourceTree = "<group>"; };
		AC0D22742B47B981003E91F6 /* Preview Assets.xcassets */ = {isa = PBXFileReference; lastKnownFileType = folder.assetcatalog; path = "Preview Assets.xcassets"; sourceTree = "<group>"; };
		AC0D227A2B47B981003E91F6 /* MyIOSApplicationTests.xctest */ = {isa = PBXFileReference; explicitFileType = wrapper.cfbundle; includeInIndex = 0; path = MyIOSApplicationTests.xctest; sourceTree = BUILT_PRODUCTS_DIR; };
		AC0D227E2B47B981003E91F6 /* MyIOSApplicationTests.swift */ = {isa = PBXFileReference; lastKnownFileType = sourcecode.swift; path = MyIOSApplicationTests.swift; sourceTree = "<group>"; };
		AC0D22842B47B981003E91F6 /* MyIOSApplicationUITests.xctest */ = {isa = PBXFileReference; explicitFileType = wrapper.cfbundle; includeInIndex = 0; path = MyIOSApplicationUITests.xctest; sourceTree = BUILT_PRODUCTS_DIR; };
		AC0D22882B47B981003E91F6 /* MyIOSApplicationUITests.swift */ = {isa = PBXFileReference; lastKnownFileType = sourcecode.swift; path = MyIOSApplicationUITests.swift; sourceTree = "<group>"; };
		AC0D228A2B47B981003E91F6 /* MyIOSApplicationUITestsLaunchTests.swift */ = {isa = PBXFileReference; lastKnownFileType = sourcecode.swift; path = MyIOSApplicationUITestsLaunchTests.swift; sourceTree = "<group>"; };
/* End PBXFileReference section */

/* Begin PBXFrameworksBuildPhase section */
		AC0D22672B47B980003E91F6 /* Frameworks */ = {
			isa = PBXFrameworksBuildPhase;
			buildActionMask = 2147483647;
			files = (
			);
			runOnlyForDeploymentPostprocessing = 0;
		};
		AC0D22772B47B981003E91F6 /* Frameworks */ = {
			isa = PBXFrameworksBuildPhase;
			buildActionMask = 2147483647;
			files = (
			);
			runOnlyForDeploymentPostprocessing = 0;
		};
		AC0D22812B47B981003E91F6 /* Frameworks */ = {
			isa = PBXFrameworksBuildPhase;
			buildActionMask = 2147483647;
			files = (
			);
			runOnlyForDeploymentPostprocessing = 0;
		};
/* End PBXFrameworksBuildPhase section */

/* Begin PBXGroup section */
		AC0D22612B47B980003E91F6 = {
			isa = PBXGroup;
			children = (
				AC0D226C2B47B980003E91F6 /* MyIOSApplication */,
				AC0D227D2B47B981003E91F6 /* MyIOSApplicationTests */,
				AC0D22872B47B981003E91F6 /* MyIOSApplicationUITests */,
				AC0D226B2B47B980003E91F6 /* Products */,
			);
			sourceTree = "<group>";
		};
		AC0D226B2B47B980003E91F6 /* Products */ = {
			isa = PBXGroup;
			children = (
				AC0D226A2B47B980003E91F6 /* MyIOSApplication.app */,
				AC0D227A2B47B981003E91F6 /* MyIOSApplicationTests.xctest */,
				AC0D22842B47B981003E91F6 /* MyIOSApplicationUITests.xctest */,
			);
			name = Products;
			sourceTree = "<group>";
		};
		AC0D226C2B47B980003E91F6 /* MyIOSApplication */ = {
			isa = PBXGroup;
			children = (
				AC0D226D2B47B980003E91F6 /* MyIOSApplicationApp.swift */,
				AC0D226F2B47B980003E91F6 /* ContentView.swift */,
				AC0D22712B47B981003E91F6 /* Assets.xcassets */,
				AC0D22732B47B981003E91F6 /* Preview Content */,
			);
			path = MyIOSApplication;
			sourceTree = "<group>";
		};
		AC0D22732B47B981003E91F6 /* Preview Content */ = {
			isa = PBXGroup;
			children = (
				AC0D22742B47B981003E91F6 /* Preview Assets.xcassets */,
			);
			path = "Preview Content";
			sourceTree = "<group>";
		};
		AC0D227D2B47B981003E91F6 /* MyIOSApplicationTests */ = {
			isa = PBXGroup;
			children = (
				AC0D227E2B47B981003E91F6 /* MyIOSApplicationTests.swift */,
			);
			path = MyIOSApplicationTests;
			sourceTree = "<group>";
		};
		AC0D22872B47B981003E91F6 /* MyIOSApplicationUITests */ = {
			isa = PBXGroup;
			children = (
				AC0D22882B47B981003E91F6 /* MyIOSApplicationUITests.swift */,
				AC0D228A2B47B981003E91F6 /* MyIOSApplicationUITestsLaunchTests.swift */,
			);
			path = MyIOSApplicationUITests;
			sourceTree = "<group>";
		};
/* End PBXGroup section */

/* Begin PBXNativeTarget section */
		AC0D22692B47B980003E91F6 /* MyIOSApplication */ = {
			isa = PBXNativeTarget;
			buildConfigurationList = AC0D228E2B47B981003E91F6 /* Build configuration list for PBXNativeTarget "MyIOSApplication" */;
			buildPhases = (
				AC0D22662B47B980003E91F6 /* Sources */,
				AC0D22672B47B980003E91F6 /* Frameworks */,
				AC0D22682B47B980003E91F6 /* Resources */,
			);
			buildRules = (
			);
			dependencies = (
			);
			name = MyIOSApplication;
			productName = MyIOSApplication;
			productReference = AC0D226A2B47B980003E91F6 /* MyIOSApplication.app */;
			productType = "com.apple.product-type.application";
		};
		AC0D22792B47B981003E91F6 /* MyIOSApplicationTests */ = {
			isa = PBXNativeTarget;
			buildConfigurationList = AC0D22912B47B981003E91F6 /* Build configuration list for PBXNativeTarget "MyIOSApplicationTests" */;
			buildPhases = (
				AC0D22762B47B981003E91F6 /* Sources */,
				AC0D22772B47B981003E91F6 /* Frameworks */,
				AC0D22782B47B981003E91F6 /* Resources */,
			);
			buildRules = (
			);
			dependencies = (
				AC0D227C2B47B981003E91F6 /* PBXTargetDependency */,
			);
			name = MyIOSApplicationTests;
			productName = MyIOSApplicationTests;
			productReference = AC0D227A2B47B981003E91F6 /* MyIOSApplicationTests.xctest */;
			productType = "com.apple.product-type.bundle.unit-test";
		};
		AC0D22832B47B981003E91F6 /* MyIOSApplicationUITests */ = {
			isa = PBXNativeTarget;
			buildConfigurationList = AC0D22942B47B981003E91F6 /* Build configuration list for PBXNativeTarget "MyIOSApplicationUITests" */;
			buildPhases = (
				AC0D22802B47B981003E91F6 /* Sources */,
				AC0D22812B47B981003E91F6 /* Frameworks */,
				AC0D22822B47B981003E91F6 /* Resources */,
			);
			buildRules = (
			);
			dependencies = (
				AC0D22862B47B981003E91F6 /* PBXTargetDependency */,
			);
			name = MyIOSApplicationUITests;
			productName = MyIOSApplicationUITests;
			productReference = AC0D22842B47B981003E91F6 /* MyIOSApplicationUITests.xctest */;
			productType = "com.apple.product-type.bundle.ui-testing";
		};
/* End PBXNativeTarget section */

/* Begin PBXProject section */
		AC0D22622B47B980003E91F6 /* Project object */ = {
			isa = PBXProject;
			attributes = {
				BuildIndependentTargetsInParallel = 1;
				LastSwiftUpdateCheck = 1500;
				LastUpgradeCheck = 1500;
				TargetAttributes = {
					AC0D22692B47B980003E91F6 = {
						CreatedOnToolsVersion = 15.0.1;
					};
					AC0D22792B47B981003E91F6 = {
						CreatedOnToolsVersion = 15.0.1;
						TestTargetID = AC0D22692B47B980003E91F6;
					};
					AC0D22832B47B981003E91F6 = {
						CreatedOnToolsVersion = 15.0.1;
						TestTargetID = AC0D22692B47B980003E91F6;
					};
				};
			};
			buildConfigurationList = AC0D22652B47B980003E91F6 /* Build configuration list for PBXProject "MyIOSApplication" */;
			compatibilityVersion = "Xcode 14.0";
			developmentRegion = en;
			hasScannedForEncodings = 0;
			knownRegions = (
				en,
				Base,
			);
			mainGroup = AC0D22612B47B980003E91F6;
			productRefGroup = AC0D226B2B47B980003E91F6 /* Products */;
			projectDirPath = "";
			projectRoot = "";
			targets = (
				AC0D22692B47B980003E91F6 /* MyIOSApplication */,
				AC0D22792B47B981003E91F6 /* MyIOSApplicationTests */,
				AC0D22832B47B981003E91F6 /* MyIOSApplicationUITests */,
			);
		};
/* End PBXProject section */

/* Begin PBXResourcesBuildPhase section */
		AC0D22682B47B980003E91F6 /* Resources */ = {
			isa = PBXResourcesBuildPhase;
			buildActionMask = 2147483647;
			files = (
				AC0D22752B47B981003E91F6 /* Preview Assets.xcassets in Resources */,
				AC0D22722B47B981003E91F6 /* Assets.xcassets in Resources */,
			);
			runOnlyForDeploymentPostprocessing = 0;
		};
		AC0D22782B47B981003E91F6 /* Resources */ = {
			isa = PBXResourcesBuildPhase;
			buildActionMask = 2147483647;
			files = (
			);
			runOnlyForDeploymentPostprocessing = 0;
		};
		AC0D22822B47B981003E91F6 /* Resources */ = {
			isa = PBXResourcesBuildPhase;
			buildActionMask = 2147483647;
			files = (
			);
			runOnlyForDeploymentPostprocessing = 0;
		};
/* End PBXResourcesBuildPhase section */

/* Begin PBXSourcesBuildPhase section */
		AC0D22662B47B980003E91F6 /* Sources */ = {
			isa = PBXSourcesBuildPhase;
			buildActionMask = 2147483647;
			files = (
				AC0D22702B47B980003E91F6 /* ContentView.swift in Sources */,
				AC0D226E2B47B980003E91F6 /* MyIOSApplicationApp.swift in Sources */,
			);
			runOnlyForDeploymentPostprocessing = 0;
		};
		AC0D22762B47B981003E91F6 /* Sources */ = {
			isa = PBXSourcesBuildPhase;
			buildActionMask = 2147483647;
			files = (
				AC0D227F2B47B981003E91F6 /* MyIOSApplicationTests.swift in Sources */,
			);
			runOnlyForDeploymentPostprocessing = 0;
		};
		AC0D22802B47B981003E91F6 /* Sources */ = {
			isa = PBXSourcesBuildPhase;
			buildActionMask = 2147483647;
			files = (
				AC0D22892B47B981003E91F6 /* MyIOSApplicationUITests.swift in Sources */,
				AC0D228B2B47B981003E91F6 /* MyIOSApplicationUITestsLaunchTests.swift in Sources */,
			);
			runOnlyForDeploymentPostprocessing = 0;
		};
/* End PBXSourcesBuildPhase section */

/* Begin PBXTargetDependency section */
		AC0D227C2B47B981003E91F6 /* PBXTargetDependency */ = {
			isa = PBXTargetDependency;
			target = AC0D22692B47B980003E91F6 /* MyIOSApplication */;
			targetProxy = AC0D227B2B47B981003E91F6 /* PBXContainerItemProxy */;
		};
		AC0D22862B47B981003E91F6 /* PBXTargetDependency */ = {
			isa = PBXTargetDependency;
			target = AC0D22692B47B980003E91F6 /* MyIOSApplication */;
			targetProxy = AC0D22852B47B981003E91F6 /* PBXContainerItemProxy */;
		};
/* End PBXTargetDependency section */

/* Begin XCBuildConfiguration section */
		AC0D228C2B47B981003E91F6 /* Debug */ = {
			isa = XCBuildConfiguration;
			buildSettings = {
				ALWAYS_SEARCH_USER_PATHS = NO;
				ASSETCATALOG_COMPILER_GENERATE_SWIFT_ASSET_SYMBOL_EXTENSIONS = YES;
				CLANG_ANALYZER_NONNULL = YES;
				CLANG_ANALYZER_NUMBER_OBJECT_CONVERSION = YES_AGGRESSIVE;
				CLANG_CXX_LANGUAGE_STANDARD = "gnu++20";
				CLANG_ENABLE_MODULES = YES;
				CLANG_ENABLE_OBJC_ARC = YES;
				CLANG_ENABLE_OBJC_WEAK = YES;
				CLANG_WARN_BLOCK_CAPTURE_AUTORELEASING = YES;
				CLANG_WARN_BOOL_CONVERSION = YES;
				CLANG_WARN_COMMA = YES;
				CLANG_WARN_CONSTANT_CONVERSION = YES;
				CLANG_WARN_DEPRECATED_OBJC_IMPLEMENTATIONS = YES;
				CLANG_WARN_DIRECT_OBJC_ISA_USAGE = YES_ERROR;
				CLANG_WARN_DOCUMENTATION_COMMENTS = YES;
				CLANG_WARN_EMPTY_BODY = YES;
				CLANG_WARN_ENUM_CONVERSION = YES;
				CLANG_WARN_INFINITE_RECURSION = YES;
				CLANG_WARN_INT_CONVERSION = YES;
				CLANG_WARN_NON_LITERAL_NULL_CONVERSION = YES;
				CLANG_WARN_OBJC_IMPLICIT_RETAIN_SELF = YES;
				CLANG_WARN_OBJC_LITERAL_CONVERSION = YES;
				CLANG_WARN_OBJC_ROOT_CLASS = YES_ERROR;
				CLANG_WARN_QUOTED_INCLUDE_IN_FRAMEWORK_HEADER = YES;
				CLANG_WARN_RANGE_LOOP_ANALYSIS = YES;
				CLANG_WARN_STRICT_PROTOTYPES = YES;
				CLANG_WARN_SUSPICIOUS_MOVE = YES;
				CLANG_WARN_UNGUARDED_AVAILABILITY = YES_AGGRESSIVE;
				CLANG_WARN_UNREACHABLE_CODE = YES;
				CLANG_WARN__DUPLICATE_METHOD_MATCH = YES;
				COPY_PHASE_STRIP = NO;
				DEBUG_INFORMATION_FORMAT = dwarf;
				ENABLE_STRICT_OBJC_MSGSEND = YES;
				ENABLE_TESTABILITY = YES;
				ENABLE_USER_SCRIPT_SANDBOXING = YES;
				GCC_C_LANGUAGE_STANDARD = gnu17;
				GCC_DYNAMIC_NO_PIC = NO;
				GCC_NO_COMMON_BLOCKS = YES;
				GCC_OPTIMIZATION_LEVEL = 0;
				GCC_PREPROCESSOR_DEFINITIONS = (
					"DEBUG=1",
					"$(inherited)",
				);
				GCC_WARN_64_TO_32_BIT_CONVERSION = YES;
				GCC_WARN_ABOUT_RETURN_TYPE = YES_ERROR;
				GCC_WARN_UNDECLARED_SELECTOR = YES;
				GCC_WARN_UNINITIALIZED_AUTOS = YES_AGGRESSIVE;
				GCC_WARN_UNUSED_FUNCTION = YES;
				GCC_WARN_UNUSED_VARIABLE = YES;
				IPHONEOS_DEPLOYMENT_TARGET = 17.0;
				LOCALIZATION_PREFERS_STRING_CATALOGS = YES;
				MTL_ENABLE_DEBUG_INFO = INCLUDE_SOURCE;
				MTL_FAST_MATH = YES;
				ONLY_ACTIVE_ARCH = YES;
				SDKROOT = iphoneos;
				SWIFT_ACTIVE_COMPILATION_CONDITIONS = "DEBUG $(inherited)";
				SWIFT_OPTIMIZATION_LEVEL = "-Onone";
			};
			name = Debug;
		};
		AC0D228D2B47B981003E91F6 /* Release */ = {
			isa = XCBuildConfiguration;
			buildSettings = {
				ALWAYS_SEARCH_USER_PATHS = NO;
				ASSETCATALOG_COMPILER_GENERATE_SWIFT_ASSET_SYMBOL_EXTENSIONS = YES;
				CLANG_ANALYZER_NONNULL = YES;
				CLANG_ANALYZER_NUMBER_OBJECT_CONVERSION = YES_AGGRESSIVE;
				CLANG_CXX_LANGUAGE_STANDARD = "gnu++20";
				CLANG_ENABLE_MODULES = YES;
				CLANG_ENABLE_OBJC_ARC = YES;
				CLANG_ENABLE_OBJC_WEAK = YES;
				CLANG_WARN_BLOCK_CAPTURE_AUTORELEASING = YES;
				CLANG_WARN_BOOL_CONVERSION = YES;
				CLANG_WARN_COMMA = YES;
				CLANG_WARN_CONSTANT_CONVERSION = YES;
				CLANG_WARN_DEPRECATED_OBJC_IMPLEMENTATIONS = YES;
				CLANG_WARN_DIRECT_OBJC_ISA_USAGE = YES_ERROR;
				CLANG_WARN_DOCUMENTATION_COMMENTS = YES;
				CLANG_WARN_EMPTY_BODY = YES;
				CLANG_WARN_ENUM_CONVERSION = YES;
				CLANG_WARN_INFINITE_RECURSION = YES;
				CLANG_WARN_INT_CONVERSION = YES;
				CLANG_WARN_NON_LITERAL_NULL_CONVERSION = YES;
				CLANG_WARN_OBJC_IMPLICIT_RETAIN_SELF = YES;
				CLANG_WARN_OBJC_LITERAL_CONVERSION = YES;
				CLANG_WARN_OBJC_ROOT_CLASS = YES_ERROR;
				CLANG_WARN_QUOTED_INCLUDE_IN_FRAMEWORK_HEADER = YES;
				CLANG_WARN_RANGE_LOOP_ANALYSIS = YES;
				CLANG_WARN_STRICT_PROTOTYPES = YES;
				CLANG_WARN_SUSPICIOUS_MOVE = YES;
				CLANG_WARN_UNGUARDED_AVAILABILITY = YES_AGGRESSIVE;
				CLANG_WARN_UNREACHABLE_CODE = YES;
				CLANG_WARN__DUPLICATE_METHOD_MATCH = YES;
				COPY_PHASE_STRIP = NO;
				DEBUG_INFORMATION_FORMAT = "dwarf-with-dsym";
				ENABLE_NS_ASSERTIONS = NO;
				ENABLE_STRICT_OBJC_MSGSEND = YES;
				ENABLE_USER_SCRIPT_SANDBOXING = YES;
				GCC_C_LANGUAGE_STANDARD = gnu17;
				GCC_NO_COMMON_BLOCKS = YES;
				GCC_WARN_64_TO_32_BIT_CONVERSION = YES;
				GCC_WARN_ABOUT_RETURN_TYPE = YES_ERROR;
				GCC_WARN_UNDECLARED_SELECTOR = YES;
				GCC_WARN_UNINITIALIZED_AUTOS = YES_AGGRESSIVE;
				GCC_WARN_UNUSED_FUNCTION = YES;
				GCC_WARN_UNUSED_VARIABLE = YES;
				IPHONEOS_DEPLOYMENT_TARGET = 17.0;
				LOCALIZATION_PREFERS_STRING_CATALOGS = YES;
				MTL_ENABLE_DEBUG_INFO = NO;
				MTL_FAST_MATH = YES;
				SDKROOT = iphoneos;
				SWIFT_COMPILATION_MODE = wholemodule;
				VALIDATE_PRODUCT = YES;
			};
			name = Release;
		};
		AC0D228F2B47B981003E91F6 /* Debug */ = {
			isa = XCBuildConfiguration;
			buildSettings = {
				ASSETCATALOG_COMPILER_APPICON_NAME = AppIcon;
				ASSETCATALOG_COMPILER_GLOBAL_ACCENT_COLOR_NAME = AccentColor;
				CODE_SIGN_STYLE = Automatic;
				CURRENT_PROJECT_VERSION = 1;
				DEVELOPMENT_ASSET_PATHS = "\"MyIOSApplication/Preview Content\"";
				ENABLE_PREVIEWS = YES;
				GENERATE_INFOPLIST_FILE = YES;
				INFOPLIST_KEY_UIApplicationSceneManifest_Generation = YES;
				INFOPLIST_KEY_UIApplicationSupportsIndirectInputEvents = YES;
				INFOPLIST_KEY_UILaunchScreen_Generation = YES;
				INFOPLIST_KEY_UISupportedInterfaceOrientations_iPad = "UIInterfaceOrientationPortrait UIInterfaceOrientationPortraitUpsideDown UIInterfaceOrientationLandscapeLeft UIInterfaceOrientationLandscapeRight";
				INFOPLIST_KEY_UISupportedInterfaceOrientations_iPhone = "UIInterfaceOrientationPortrait UIInterfaceOrientationLandscapeLeft UIInterfaceOrientationLandscapeRight";
				LD_RUNPATH_SEARCH_PATHS = (
					"$(inherited)",
					"@executable_path/Frameworks",
				);
				MARKETING_VERSION = 1.0;
				PRODUCT_BUNDLE_IDENTIFIER = aht.MyIOSApplication;
				PRODUCT_NAME = "$(TARGET_NAME)";
				SWIFT_EMIT_LOC_STRINGS = YES;
				SWIFT_VERSION = 5.0;
				TARGETED_DEVICE_FAMILY = "1,2";
			};
			name = Debug;
		};
		AC0D22902B47B981003E91F6 /* Release */ = {
			isa = XCBuildConfiguration;
			buildSettings = {
				ASSETCATALOG_COMPILER_APPICON_NAME = AppIcon;
				ASSETCATALOG_COMPILER_GLOBAL_ACCENT_COLOR_NAME = AccentColor;
				CODE_SIGN_STYLE = Automatic;
				CURRENT_PROJECT_VERSION = 1;
				DEVELOPMENT_ASSET_PATHS = "\"MyIOSApplication/Preview Content\"";
				ENABLE_PREVIEWS = YES;
				GENERATE_INFOPLIST_FILE = YES;
				INFOPLIST_KEY_UIApplicationSceneManifest_Generation = YES;
				INFOPLIST_KEY_UIApplicationSupportsIndirectInputEvents = YES;
				INFOPLIST_KEY_UILaunchScreen_Generation = YES;
				INFOPLIST_KEY_UISupportedInterfaceOrientations_iPad = "UIInterfaceOrientationPortrait UIInterfaceOrientationPortraitUpsideDown UIInterfaceOrientationLandscapeLeft UIInterfaceOrientationLandscapeRight";
				INFOPLIST_KEY_UISupportedInterfaceOrientations_iPhone = "UIInterfaceOrientationPortrait UIInterfaceOrientationLandscapeLeft UIInterfaceOrientationLandscapeRight";
				LD_RUNPATH_SEARCH_PATHS = (
					"$(inherited)",
					"@executable_path/Frameworks",
				);
				MARKETING_VERSION = 1.0;
				PRODUCT_BUNDLE_IDENTIFIER = aht.MyIOSApplication;
				PRODUCT_NAME = "$(TARGET_NAME)";
				SWIFT_EMIT_LOC_STRINGS = YES;
				SWIFT_VERSION = 5.0;
				TARGETED_DEVICE_FAMILY = "1,2";
			};
			name = Release;
		};
		AC0D22922B47B981003E91F6 /* Debug */ = {
			isa = XCBuildConfiguration;
			buildSettings = {
				ALWAYS_EMBED_SWIFT_STANDARD_LIBRARIES = YES;
				BUNDLE_LOADER = "$(TEST_HOST)";
				CODE_SIGN_STYLE = Automatic;
				CURRENT_PROJECT_VERSION = 1;
				GENERATE_INFOPLIST_FILE = YES;
				IPHONEOS_DEPLOYMENT_TARGET = 17.0;
				MARKETING_VERSION = 1.0;
				PRODUCT_BUNDLE_IDENTIFIER = aht.MyIOSApplicationTests;
				PRODUCT_NAME = "$(TARGET_NAME)";
				SWIFT_EMIT_LOC_STRINGS = NO;
				SWIFT_VERSION = 5.0;
				TARGETED_DEVICE_FAMILY = "1,2";
				TEST_HOST = "$(BUILT_PRODUCTS_DIR)/MyIOSApplication.app/$(BUNDLE_EXECUTABLE_FOLDER_PATH)/MyIOSApplication";
			};
			name = Debug;
		};
		AC0D22932B47B981003E91F6 /* Release */ = {
			isa = XCBuildConfiguration;
			buildSettings = {
				ALWAYS_EMBED_SWIFT_STANDARD_LIBRARIES = YES;
				BUNDLE_LOADER = "$(TEST_HOST)";
				CODE_SIGN_STYLE = Automatic;
				CURRENT_PROJECT_VERSION = 1;
				GENERATE_INFOPLIST_FILE = YES;
				IPHONEOS_DEPLOYMENT_TARGET = 17.0;
				MARKETING_VERSION = 1.0;
				PRODUCT_BUNDLE_IDENTIFIER = aht.MyIOSApplicationTests;
				PRODUCT_NAME = "$(TARGET_NAME)";
				SWIFT_EMIT_LOC_STRINGS = NO;
				SWIFT_VERSION = 5.0;
				TARGETED_DEVICE_FAMILY = "1,2";
				TEST_HOST = "$(BUILT_PRODUCTS_DIR)/MyIOSApplication.app/$(BUNDLE_EXECUTABLE_FOLDER_PATH)/MyIOSApplication";
			};
			name = Release;
		};
		AC0D22952B47B981003E91F6 /* Debug */ = {
			isa = XCBuildConfiguration;
			buildSettings = {
				ALWAYS_EMBED_SWIFT_STANDARD_LIBRARIES = YES;
				CODE_SIGN_STYLE = Automatic;
				CURRENT_PROJECT_VERSION = 1;
				GENERATE_INFOPLIST_FILE = YES;
				MARKETING_VERSION = 1.0;
				PRODUCT_BUNDLE_IDENTIFIER = aht.MyIOSApplicationUITests;
				PRODUCT_NAME = "$(TARGET_NAME)";
				SWIFT_EMIT_LOC_STRINGS = NO;
				SWIFT_VERSION = 5.0;
				TARGETED_DEVICE_FAMILY = "1,2";
				TEST_TARGET_NAME = MyIOSApplication;
			};
			name = Debug;
		};
		AC0D22962B47B981003E91F6 /* Release */ = {
			isa = XCBuildConfiguration;
			buildSettings = {
				ALWAYS_EMBED_SWIFT_STANDARD_LIBRARIES = YES;
				CODE_SIGN_STYLE = Automatic;
				CURRENT_PROJECT_VERSION = 1;
				GENERATE_INFOPLIST_FILE = YES;
				MARKETING_VERSION = 1.0;
				PRODUCT_BUNDLE_IDENTIFIER = aht.MyIOSApplicationUITests;
				PRODUCT_NAME = "$(TARGET_NAME)";
				SWIFT_EMIT_LOC_STRINGS = NO;
				SWIFT_VERSION = 5.0;
				TARGETED_DEVICE_FAMILY = "1,2";
				TEST_TARGET_NAME = MyIOSApplication;
			};
			name = Release;
		};
/* End XCBuildConfiguration section */

/* Begin XCConfigurationList section */
		AC0D22652B47B980003E91F6 /* Build configuration list for PBXProject "MyIOSApplication" */ = {
			isa = XCConfigurationList;
			buildConfigurations = (
				AC0D228C2B47B981003E91F6 /* Debug */,
				AC0D228D2B47B981003E91F6 /* Release */,
			);
			defaultConfigurationIsVisible = 0;
			defaultConfigurationName = Release;
		};
		AC0D228E2B47B981003E91F6 /* Build configuration list for PBXNativeTarget "MyIOSApplication" */ = {
			isa = XCConfigurationList;
			buildConfigurations = (
				AC0D228F2B47B981003E91F6 /* Debug */,
				AC0D22902B47B981003E91F6 /* Release */,
			);
			defaultConfigurationIsVisible = 0;
			defaultConfigurationName = Release;
		};
		AC0D22912B47B981003E91F6 /* Build configuration list for PBXNativeTarget "MyIOSApplicationTests" */ = {
			isa = XCConfigurationList;
			buildConfigurations = (
				AC0D22922B47B981003E91F6 /* Debug */,
				AC0D22932B47B981003E91F6 /* Release */,
			);
			defaultConfigurationIsVisible = 0;
			defaultConfigurationName = Release;
		};
		AC0D22942B47B981003E91F6 /* Build configuration list for PBXNativeTarget "MyIOSApplicationUITests" */ = {
			isa = XCConfigurationList;
			buildConfigurations = (
				AC0D22952B47B981003E91F6 /* Debug */,
				AC0D22962B47B981003E91F6 /* Release */,
			);
			defaultConfigurationIsVisible = 0;
			defaultConfigurationName = Release;
		};
/* End XCConfigurationList section */
	};
	rootObject = AC0D22622B47B980003E91F6 /* Project object */;
}
